<?xml version="1.0" encoding="UTF-8" standalone="yes" ?>
<CodeBlocks_project_file>
	<FileVersion major="1" minor="6" />
	<Project>
		<Option title="NagaTerbang" />
		<Option pch_mode="2" />
		<Option compiler="gcc" />
		<Build>
			<Target title="Debug">
				<Option output="bin/Debug/SDLOGL02" prefix_auto="1" extension_auto="1" />
				<Option object_output="obj/Debug/" />
				<Option type="1" />
				<Option compiler="gcc" />
				<Compiler>
					<Add option="-g" />
				</Compiler>
			</Target>
			<Target title="Release">
				<Option output="bin/Release/SDLOGL02" prefix_auto="1" extension_auto="1" />
				<Option object_output="obj/Release/" />
				<Option type="1" />
				<Option compiler="gcc" />
				<Compiler>
					<Add option="-O2" />
				</Compiler>
				<Linker>
					<Add option="-s" />
				</Linker>
			</Target>
		</Build>
		<Compiler>
			<Add option="-Wall" />
		</Compiler>
		<Unit filename="CApp_OnCleanup.cpp" />
		<Unit filename="CApp_OnEvent.cpp" />
		<Unit filename="CApp_OnInit.cpp" />
		<Unit filename="CApp_OnLoop.cpp" />
		<Unit filename="CApp_OnRender.cpp" />
		<Unit filename="SDLOGL.cpp" />
		<Unit filename="SDLOGL.h" />
		<Unit filename="common/loadtextfile.cpp" />
		<Unit filename="common/loadtextfile.h" />
		<Unit filename="globject.cpp" />
		<Unit filename="globject.h" />
		<Unit filename="globjectls.cpp" />
		<Extensions>
			<code_completion />
			<envvars />
			<debugger />
			<lib_finder disable_auto="1" />
		</Extensions>
	</Project>
</CodeBlocks_project_file>
